<?xml version="1.0" encoding="utf-8"?>
<Project ToolsVersion="4.0" xmlns="http://schemas.microsoft.com/developer/msbuild/2003">
  <ItemGroup>
    <Filter Include="源文件">
      <UniqueIdentifier>{4FC737F1-C7A5-4376-A066-2A32D752A2FF}</UniqueIdentifier>
      <Extensions>cpp;c;cc;cxx;c++;cppm;ixx;def;odl;idl;hpj;bat;asm;asmx</Extensions>
    </Filter>
    <Filter Include="头文件">
      <UniqueIdentifier>{93995380-89BD-4b04-88EB-625FBE52EBFB}</UniqueIdentifier>
      <Extensions>h;hh;hpp;hxx;h++;hm;inl;inc;ipp;xsd</Extensions>
    </Filter>
    <Filter Include="资源文件">
      <UniqueIdentifier>{67DA6AB6-F800-4c08-8B7A-83BB121AAD01}</UniqueIdentifier>
      <Extensions>rc;ico;cur;bmp;dlg;rc2;rct;bin;rgs;gif;jpg;jpeg;jpe;resx;tiff;tif;png;wav;mfcribbon-ms</Extensions>
    </Filter>
    <Filter Include="Test functions">
      <UniqueIdentifier>{f8a729af-688b-45b7-81f4-1cf40f2e0f0b}</UniqueIdentifier>
    </Filter>
  </ItemGroup>
  <ItemGroup>
    <ClCompile Include="testHotDataAccess.h">
      <Filter>Test functions</Filter>
    </ClCompile>
    <ClCompile Include="testHotDataAccess.cpp">
      <Filter>Test functions</Filter>
    </ClCompile>
    <ClCompile Include="testLoopPattern.cpp">
      <Filter>Test functions</Filter>
    </ClCompile>
    <ClCompile Include="printResults.cpp">
      <Filter>Test functions</Filter>
    </ClCompile>
    <ClCompile Include="test.cpp">
      <Filter>源文件</Filter>
    </ClCompile>
    <ClCompile Include="testWorkloadShift.cpp">
      <Filter>Test functions</Filter>
    </ClCompile>
  </ItemGroup>
  <ItemGroup>
    <ClInclude Include="KArcCacheNode.h">
      <Filter>头文件</Filter>
    </ClInclude>
    <ClInclude Include="KArcLruPart.h">
      <Filter>头文件</Filter>
    </ClInclude>
    <ClInclude Include="KArcLfuPart.h">
      <Filter>头文件</Filter>
    </ClInclude>
    <ClInclude Include="KArcCache.h">
      <Filter>头文件</Filter>
    </ClInclude>
    <ClInclude Include="KICachePolicy.h">
      <Filter>头文件</Filter>
    </ClInclude>
    <ClInclude Include="LFU.h">
      <Filter>头文件</Filter>
    </ClInclude>
    <ClInclude Include="LRU_K.h">
      <Filter>头文件</Filter>
    </ClInclude>
    <ClInclude Include="testLoopPattern.h">
      <Filter>Test functions</Filter>
    </ClInclude>
    <ClInclude Include="printResults.h">
      <Filter>Test functions</Filter>
    </ClInclude>
    <ClInclude Include="testWorkloadShift.h">
      <Filter>Test functions</Filter>
    </ClInclude>
  </ItemGroup>
</Project>